
Microsoft Visual Studio Solution File, Format Version 11.00
# Visual Studio 2015
Project("{8BC9CEB8-8B4A-11D0-8D11-00A0C91BC942}") = "fceux", "vc14_fceux.vcxproj", "{6893EF44-FEA3-46DF-B236-C4C200F54294}"
EndProject
Global
	GlobalSection(SolutionConfigurationPlatforms) = preSolution
		Debug|Win32 = Debug|Win32
		Debug|x64 = Debug|x64
		PublicRelease|Win32 = PublicRelease|Win32
		PublicRelease|x64 = PublicRelease|x64
		Release|Win32 = Release|Win32
		Release|x64 = Release|x64
	EndGlobalSection
	GlobalSection(ProjectConfigurationPlatforms) = postSolution
		{6893EF44-FEA3-46DF-B236-C4C200F54294}.Debug|Win32.ActiveCfg = Debug|Win32
		{6893EF44-FEA3-46DF-B236-C4C200F54294}.Debug|Win32.Build.0 = Debug|Win32
		{6893EF44-FEA3-46DF-B236-C4C200F54294}.Debug|x64.ActiveCfg = Debug|x64
		{6893EF44-FEA3-46DF-B236-C4C200F54294}.Debug|x64.Build.0 = Debug|x64
		{6893EF44-FEA3-46DF-B236-C4C200F54294}.PublicRelease|Win32.ActiveCfg = PublicRelease|Win32
		{6893EF44-FEA3-46DF-B236-C4C200F54294}.PublicRelease|Win32.Build.0 = PublicRelease|Win32
		{6893EF44-FEA3-46DF-B236-C4C200F54294}.PublicRelease|x64.ActiveCfg = PublicRelease|x64
		{6893EF44-FEA3-46DF-B236-C4C200F54294}.PublicRelease|x64.Build.0 = PublicRelease|x64
		{6893EF44-FEA3-46DF-B236-C4C200F54294}.Release|Win32.ActiveCfg = Release|Win32
		{6893EF44-FEA3-46DF-B236-C4C200F54294}.Release|Win32.Build.0 = Release|Win32
		{6893EF44-FEA3-46DF-B236-C4C200F54294}.Release|x64.ActiveCfg = Release|x64
		{6893EF44-FEA3-46DF-B236-C4C200F54294}.Release|x64.Build.0 = Release|x64
	EndGlobalSection
	GlobalSection(SolutionProperties) = preSolution
		HideSolutionNode = FALSE
	EndGlobalSection
EndGlobal
